
Microsoft Visual Studio Solution File, Format Version 12.00
# Visual Studio 15
VisualStudioVersion = 15.0.28307.1778
MinimumVisualStudioVersion = 10.0.40219.1
Project("{8BC9CEB8-8B4A-11D0-8D11-00A0C91BC942}") = "Project2", "Project2\Project2.vcxproj", "{359A2067-27D4-4D10-A991-C2957D72CA14}"
EndProject
Global
	GlobalSection(SolutionConfigurationPlatforms) = preSolution
		Debug|x64 = Debug|x64
		Debug|x86 = Debug|x86
		Release|x64 = Release|x64
		Release|x86 = Release|x86
	EndGlobalSection
	GlobalSection(ProjectConfigurationPlatforms) = postSolution
		{359A2067-27D4-4D10-A991-C2957D72CA14}.Debug|x64.ActiveCfg = Debug|x64
		{359A2067-27D4-4D10-A991-C2957D72CA14}.Debug|x64.Build.0 = Debug|x64
		{359A2067-27D4-4D10-A991-C2957D72CA14}.Debug|x86.ActiveCfg = Debug|Win32
		{359A2067-27D4-4D10-A991-C2957D72CA14}.Debug|x86.Build.0 = Debug|Win32
		{359A2067-27D4-4D10-A991-C2957D72CA14}.Release|x64.ActiveCfg = Release|x64
		{359A2067-27D4-4D10-A991-C2957D72CA14}.Release|x64.Build.0 = Release|x64
		{359A2067-27D4-4D10-A991-C2957D72CA14}.Release|x86.ActiveCfg = Release|Win32
		{359A2067-27D4-4D10-A991-C2957D72CA14}.Release|x86.Build.0 = Release|Win32
	EndGlobalSection
	GlobalSection(SolutionProperties) = preSolution
		HideSolutionNode = FALSE
	EndGlobalSection
	GlobalSection(ExtensibilityGlobals) = postSolution
		SolutionGuid = {8F43DC1D-537F-4355-9A80-2B7EFEA52F6F}
	EndGlobalSection
EndGlobal
