<?xml version="1.0" encoding="utf-8"?>
<Project ToolsVersion="4.0" xmlns="http://schemas.microsoft.com/developer/msbuild/2003">
  <ItemGroup>
    <Filter Include="소스 파일">
      <UniqueIdentifier>{4FC737F1-C7A5-4376-A066-2A32D752A2FF}</UniqueIdentifier>
      <Extensions>cpp;c;cc;cxx;def;odl;idl;hpj;bat;asm;asmx</Extensions>
    </Filter>
    <Filter Include="헤더 파일">
      <UniqueIdentifier>{93995380-89BD-4b04-88EB-625FBE52EBFB}</UniqueIdentifier>
      <Extensions>h;hh;hpp;hxx;hm;inl;inc;ipp;xsd</Extensions>
    </Filter>
    <Filter Include="리소스 파일">
      <UniqueIdentifier>{67DA6AB6-F800-4c08-8B7A-83BB121AAD01}</UniqueIdentifier>
      <Extensions>rc;ico;cur;bmp;dlg;rc2;rct;bin;rgs;gif;jpg;jpeg;jpe;resx;tiff;tif;png;wav;mfcribbon-ms</Extensions>
    </Filter>
  </ItemGroup>
  <ItemGroup>
    <ClCompile Include="first.cpp">
      <Filter>소스 파일</Filter>
    </ClCompile>
    <ClCompile Include="linkedlist.cpp">
      <Filter>소스 파일</Filter>
    </ClCompile>
    <ClCompile Include="doublelinkedlist.cpp">
      <Filter>소스 파일</Filter>
    </ClCompile>
    <ClCompile Include="polynomial.cpp">
      <Filter>소스 파일</Filter>
    </ClCompile>
    <ClCompile Include="linked stack.cpp">
      <Filter>소스 파일</Filter>
    </ClCompile>
    <ClCompile Include="testpair.cpp">
      <Filter>소스 파일</Filter>
    </ClCompile>
    <ClCompile Include="evalPostfix.cpp">
      <Filter>소스 파일</Filter>
    </ClCompile>
    <ClCompile Include="sequential stack.cpp">
      <Filter>소스 파일</Filter>
    </ClCompile>
    <ClCompile Include="sequential queue.cpp">
      <Filter>소스 파일</Filter>
    </ClCompile>
    <ClCompile Include="sequential circular queue.cpp">
      <Filter>소스 파일</Filter>
    </ClCompile>
    <ClCompile Include="linked queue.cpp">
      <Filter>소스 파일</Filter>
    </ClCompile>
    <ClCompile Include="tree traversal.cpp">
      <Filter>소스 파일</Filter>
    </ClCompile>
    <ClCompile Include="binary search tree.cpp">
      <Filter>소스 파일</Filter>
    </ClCompile>
    <ClCompile Include="heap.cpp">
      <Filter>소스 파일</Filter>
    </ClCompile>
    <ClCompile Include="quciksort.cpp">
      <Filter>소스 파일</Filter>
    </ClCompile>
    <ClCompile Include="bj1076.cpp">
      <Filter>소스 파일</Filter>
    </ClCompile>
    <ClCompile Include="bj1094cpp.cpp">
      <Filter>소스 파일</Filter>
    </ClCompile>
    <ClCompile Include="bj17608.cpp">
      <Filter>소스 파일</Filter>
    </ClCompile>
    <ClCompile Include="bj2161.cpp">
      <Filter>소스 파일</Filter>
    </ClCompile>
    <ClCompile Include="kakao_2021-1.cpp">
      <Filter>소스 파일</Filter>
    </ClCompile>
    <ClCompile Include="samsung code test.cpp">
      <Filter>소스 파일</Filter>
    </ClCompile>
    <ClCompile Include="bj1181cpp.cpp">
      <Filter>소스 파일</Filter>
    </ClCompile>
    <ClCompile Include="hash_map_exam.cpp">
      <Filter>소스 파일</Filter>
    </ClCompile>
    <ClCompile Include="vector exam.cpp">
      <Filter>소스 파일</Filter>
    </ClCompile>
    <ClCompile Include="std_array.cpp">
      <Filter>소스 파일</Filter>
    </ClCompile>
    <ClCompile Include="dynamic array.cpp">
      <Filter>소스 파일</Filter>
    </ClCompile>
    <ClCompile Include="std_vector.cpp">
      <Filter>소스 파일</Filter>
    </ClCompile>
    <ClCompile Include="std_forward_list.cpp">
      <Filter>소스 파일</Filter>
    </ClCompile>
    <ClCompile Include="single_ll.cpp">
      <Filter>소스 파일</Filter>
    </ClCompile>
    <ClCompile Include="std_list.cpp">
      <Filter>소스 파일</Filter>
    </ClCompile>
    <ClCompile Include="std_deque.cpp">
      <Filter>소스 파일</Filter>
    </ClCompile>
    <ClCompile Include="bj11720.cpp">
      <Filter>소스 파일</Filter>
    </ClCompile>
    <ClCompile Include="bj1417.cpp">
      <Filter>소스 파일</Filter>
    </ClCompile>
    <ClCompile Include="bj5543.cpp">
      <Filter>소스 파일</Filter>
    </ClCompile>
    <ClCompile Include="bj2576.cpp">
      <Filter>소스 파일</Filter>
    </ClCompile>
    <ClCompile Include="bj2747.cpp">
      <Filter>소스 파일</Filter>
    </ClCompile>
    <ClCompile Include="bj5532.cpp">
      <Filter>소스 파일</Filter>
    </ClCompile>
    <ClCompile Include="bj2033.cpp">
      <Filter>소스 파일</Filter>
    </ClCompile>
    <ClCompile Include="organ_chart.cpp">
      <Filter>소스 파일</Filter>
    </ClCompile>
    <ClCompile Include="bj2675.cpp">
      <Filter>소스 파일</Filter>
    </ClCompile>
    <ClCompile Include="bj2920.cpp">
      <Filter>소스 파일</Filter>
    </ClCompile>
    <ClCompile Include="bj1152.cpp">
      <Filter>소스 파일</Filter>
    </ClCompile>
    <ClCompile Include="bj8959.cpp">
      <Filter>소스 파일</Filter>
    </ClCompile>
    <ClCompile Include="bst_impl.cpp">
      <Filter>소스 파일</Filter>
    </ClCompile>
    <ClCompile Include="bj1072.cpp">
      <Filter>소스 파일</Filter>
    </ClCompile>
    <ClCompile Include="bj2358.cpp">
      <Filter>소스 파일</Filter>
    </ClCompile>
    <ClCompile Include="bj3052.cpp">
      <Filter>소스 파일</Filter>
    </ClCompile>
    <ClCompile Include="bj2908.cpp">
      <Filter>소스 파일</Filter>
    </ClCompile>
    <ClCompile Include="bj2577.cpp">
      <Filter>소스 파일</Filter>
    </ClCompile>
    <ClCompile Include="bj1920.cpp">
      <Filter>소스 파일</Filter>
    </ClCompile>
    <ClCompile Include="bj10773.cpp">
      <Filter>소스 파일</Filter>
    </ClCompile>
    <ClCompile Include="bj1157.cpp">
      <Filter>소스 파일</Filter>
    </ClCompile>
    <ClCompile Include="bj1259.cpp">
      <Filter>소스 파일</Filter>
    </ClCompile>
    <ClCompile Include="bj9012.cpp">
      <Filter>소스 파일</Filter>
    </ClCompile>
    <ClCompile Include="bj11179.cpp">
      <Filter>소스 파일</Filter>
    </ClCompile>
    <ClCompile Include="bj1003.cpp">
      <Filter>소스 파일</Filter>
    </ClCompile>
    <ClCompile Include="bj1929.cpp">
      <Filter>소스 파일</Filter>
    </ClCompile>
    <ClCompile Include="bj1427.cpp">
      <Filter>소스 파일</Filter>
    </ClCompile>
    <ClCompile Include="bj10989.cpp">
      <Filter>소스 파일</Filter>
    </ClCompile>
    <ClCompile Include="bj1924.cpp">
      <Filter>소스 파일</Filter>
    </ClCompile>
    <ClCompile Include="bj1475.cpp">
      <Filter>소스 파일</Filter>
    </ClCompile>
    <ClCompile Include="bj1978.cpp">
      <Filter>소스 파일</Filter>
    </ClCompile>
    <ClCompile Include="bj4153.cpp">
      <Filter>소스 파일</Filter>
    </ClCompile>
    <ClCompile Include="bj1463.cpp">
      <Filter>소스 파일</Filter>
    </ClCompile>
    <ClCompile Include="bj10845_coin0.cpp">
      <Filter>소스 파일</Filter>
    </ClCompile>
    <ClCompile Include="bj11279.cpp">
      <Filter>소스 파일</Filter>
    </ClCompile>
    <ClCompile Include="bj1927.cpp">
      <Filter>소스 파일</Filter>
    </ClCompile>
    <ClCompile Include="bj11650.cpp">
      <Filter>소스 파일</Filter>
    </ClCompile>
    <ClCompile Include="bj10814_ordered_by_age.cpp">
      <Filter>소스 파일</Filter>
    </ClCompile>
    <ClCompile Include="bj10866_deque.cpp">
      <Filter>소스 파일</Filter>
    </ClCompile>
    <ClCompile Include="bj11651_sorting_coordinates.cpp">
      <Filter>소스 파일</Filter>
    </ClCompile>
    <ClCompile Include="bj7662_double_priority_queuecpp.cpp">
      <Filter>소스 파일</Filter>
    </ClCompile>
    <ClCompile Include="bj2164_card2.cpp">
      <Filter>소스 파일</Filter>
    </ClCompile>
    <ClCompile Include="bj1764_never_been_seen_or_heard_who_is.cpp">
      <Filter>소스 파일</Filter>
    </ClCompile>
    <ClCompile Include="bj1205_evaluate_ranking.cpp">
      <Filter>소스 파일</Filter>
    </ClCompile>
    <ClCompile Include="bj10815_number_card.cpp">
      <Filter>소스 파일</Filter>
    </ClCompile>
    <ClCompile Include="bj1037_divisor.cpp">
      <Filter>소스 파일</Filter>
    </ClCompile>
    <ClCompile Include="bj1564_factorial5.cpp">
      <Filter>소스 파일</Filter>
    </ClCompile>
    <ClCompile Include="bj2581_prime_number.cpp">
      <Filter>소스 파일</Filter>
    </ClCompile>
    <ClCompile Include="bj11047.cpp">
      <Filter>소스 파일</Filter>
    </ClCompile>
    <ClCompile Include="bj1780.cpp">
      <Filter>소스 파일</Filter>
    </ClCompile>
  </ItemGroup>
</Project>