<?xml version="1.0" encoding="utf-8"?>
<Project ToolsVersion="4.0" xmlns="http://schemas.microsoft.com/developer/msbuild/2003">
  <ItemGroup>
    <Filter Include="소스 파일">
      <UniqueIdentifier>{4FC737F1-C7A5-4376-A066-2A32D752A2FF}</UniqueIdentifier>
      <Extensions>cpp;c;cc;cxx;def;odl;idl;hpj;bat;asm;asmx</Extensions>
    </Filter>
    <Filter Include="헤더 파일">
      <UniqueIdentifier>{93995380-89BD-4b04-88EB-625FBE52EBFB}</UniqueIdentifier>
      <Extensions>h;hh;hpp;hxx;hm;inl;inc;ipp;xsd</Extensions>
    </Filter>
    <Filter Include="리소스 파일">
      <UniqueIdentifier>{67DA6AB6-F800-4c08-8B7A-83BB121AAD01}</UniqueIdentifier>
      <Extensions>rc;ico;cur;bmp;dlg;rc2;rct;bin;rgs;gif;jpg;jpeg;jpe;resx;tiff;tif;png;wav;mfcribbon-ms</Extensions>
    </Filter>
    <Filter Include="소스 파일\골프존">
      <UniqueIdentifier>{5222a148-8cff-4861-a9c3-911591298979}</UniqueIdentifier>
    </Filter>
  </ItemGroup>
  <ItemGroup>
    <ClCompile Include="first.cpp">
      <Filter>소스 파일</Filter>
    </ClCompile>
    <ClCompile Include="linkedlist.cpp">
      <Filter>소스 파일</Filter>
    </ClCompile>
    <ClCompile Include="doublelinkedlist.cpp">
      <Filter>소스 파일</Filter>
    </ClCompile>
    <ClCompile Include="polynomial.cpp">
      <Filter>소스 파일</Filter>
    </ClCompile>
    <ClCompile Include="linked stack.cpp">
      <Filter>소스 파일</Filter>
    </ClCompile>
    <ClCompile Include="testpair.cpp">
      <Filter>소스 파일</Filter>
    </ClCompile>
    <ClCompile Include="evalPostfix.cpp">
      <Filter>소스 파일</Filter>
    </ClCompile>
    <ClCompile Include="sequential stack.cpp">
      <Filter>소스 파일</Filter>
    </ClCompile>
    <ClCompile Include="sequential queue.cpp">
      <Filter>소스 파일</Filter>
    </ClCompile>
    <ClCompile Include="sequential circular queue.cpp">
      <Filter>소스 파일</Filter>
    </ClCompile>
    <ClCompile Include="linked queue.cpp">
      <Filter>소스 파일</Filter>
    </ClCompile>
    <ClCompile Include="tree traversal.cpp">
      <Filter>소스 파일</Filter>
    </ClCompile>
    <ClCompile Include="binary search tree.cpp">
      <Filter>소스 파일</Filter>
    </ClCompile>
    <ClCompile Include="heap.cpp">
      <Filter>소스 파일</Filter>
    </ClCompile>
    <ClCompile Include="quciksort.cpp">
      <Filter>소스 파일</Filter>
    </ClCompile>
    <ClCompile Include="bj1076.cpp">
      <Filter>소스 파일</Filter>
    </ClCompile>
    <ClCompile Include="bj1094cpp.cpp">
      <Filter>소스 파일</Filter>
    </ClCompile>
    <ClCompile Include="bj17608.cpp">
      <Filter>소스 파일</Filter>
    </ClCompile>
    <ClCompile Include="bj2161.cpp">
      <Filter>소스 파일</Filter>
    </ClCompile>
    <ClCompile Include="kakao_2021-1.cpp">
      <Filter>소스 파일</Filter>
    </ClCompile>
    <ClCompile Include="samsung code test.cpp">
      <Filter>소스 파일</Filter>
    </ClCompile>
    <ClCompile Include="bj1181cpp.cpp">
      <Filter>소스 파일</Filter>
    </ClCompile>
    <ClCompile Include="hash_map_exam.cpp">
      <Filter>소스 파일</Filter>
    </ClCompile>
    <ClCompile Include="vector exam.cpp">
      <Filter>소스 파일</Filter>
    </ClCompile>
    <ClCompile Include="std_array.cpp">
      <Filter>소스 파일</Filter>
    </ClCompile>
    <ClCompile Include="dynamic array.cpp">
      <Filter>소스 파일</Filter>
    </ClCompile>
    <ClCompile Include="std_vector.cpp">
      <Filter>소스 파일</Filter>
    </ClCompile>
    <ClCompile Include="std_forward_list.cpp">
      <Filter>소스 파일</Filter>
    </ClCompile>
    <ClCompile Include="single_ll.cpp">
      <Filter>소스 파일</Filter>
    </ClCompile>
    <ClCompile Include="std_list.cpp">
      <Filter>소스 파일</Filter>
    </ClCompile>
    <ClCompile Include="std_deque.cpp">
      <Filter>소스 파일</Filter>
    </ClCompile>
    <ClCompile Include="bj11720.cpp">
      <Filter>소스 파일</Filter>
    </ClCompile>
    <ClCompile Include="bj1417.cpp">
      <Filter>소스 파일</Filter>
    </ClCompile>
    <ClCompile Include="bj5543.cpp">
      <Filter>소스 파일</Filter>
    </ClCompile>
    <ClCompile Include="bj2576.cpp">
      <Filter>소스 파일</Filter>
    </ClCompile>
    <ClCompile Include="bj5532.cpp">
      <Filter>소스 파일</Filter>
    </ClCompile>
    <ClCompile Include="bj2033.cpp">
      <Filter>소스 파일</Filter>
    </ClCompile>
    <ClCompile Include="organ_chart.cpp">
      <Filter>소스 파일</Filter>
    </ClCompile>
    <ClCompile Include="bj2675.cpp">
      <Filter>소스 파일</Filter>
    </ClCompile>
    <ClCompile Include="bj2920.cpp">
      <Filter>소스 파일</Filter>
    </ClCompile>
    <ClCompile Include="bj1152.cpp">
      <Filter>소스 파일</Filter>
    </ClCompile>
    <ClCompile Include="bj8959.cpp">
      <Filter>소스 파일</Filter>
    </ClCompile>
    <ClCompile Include="bst_impl.cpp">
      <Filter>소스 파일</Filter>
    </ClCompile>
    <ClCompile Include="bj1072.cpp">
      <Filter>소스 파일</Filter>
    </ClCompile>
    <ClCompile Include="bj2358.cpp">
      <Filter>소스 파일</Filter>
    </ClCompile>
    <ClCompile Include="bj3052.cpp">
      <Filter>소스 파일</Filter>
    </ClCompile>
    <ClCompile Include="bj2908.cpp">
      <Filter>소스 파일</Filter>
    </ClCompile>
    <ClCompile Include="bj2577.cpp">
      <Filter>소스 파일</Filter>
    </ClCompile>
    <ClCompile Include="bj1920.cpp">
      <Filter>소스 파일</Filter>
    </ClCompile>
    <ClCompile Include="bj10773.cpp">
      <Filter>소스 파일</Filter>
    </ClCompile>
    <ClCompile Include="bj1157.cpp">
      <Filter>소스 파일</Filter>
    </ClCompile>
    <ClCompile Include="bj1259.cpp">
      <Filter>소스 파일</Filter>
    </ClCompile>
    <ClCompile Include="bj9012.cpp">
      <Filter>소스 파일</Filter>
    </ClCompile>
    <ClCompile Include="bj11179.cpp">
      <Filter>소스 파일</Filter>
    </ClCompile>
    <ClCompile Include="bj1003.cpp">
      <Filter>소스 파일</Filter>
    </ClCompile>
    <ClCompile Include="bj1929.cpp">
      <Filter>소스 파일</Filter>
    </ClCompile>
    <ClCompile Include="bj1427.cpp">
      <Filter>소스 파일</Filter>
    </ClCompile>
    <ClCompile Include="bj10989.cpp">
      <Filter>소스 파일</Filter>
    </ClCompile>
    <ClCompile Include="bj1924.cpp">
      <Filter>소스 파일</Filter>
    </ClCompile>
    <ClCompile Include="bj1475.cpp">
      <Filter>소스 파일</Filter>
    </ClCompile>
    <ClCompile Include="bj1978.cpp">
      <Filter>소스 파일</Filter>
    </ClCompile>
    <ClCompile Include="bj4153.cpp">
      <Filter>소스 파일</Filter>
    </ClCompile>
    <ClCompile Include="bj1463.cpp">
      <Filter>소스 파일</Filter>
    </ClCompile>
    <ClCompile Include="bj10845_coin0.cpp">
      <Filter>소스 파일</Filter>
    </ClCompile>
    <ClCompile Include="bj11279.cpp">
      <Filter>소스 파일</Filter>
    </ClCompile>
    <ClCompile Include="bj1927.cpp">
      <Filter>소스 파일</Filter>
    </ClCompile>
    <ClCompile Include="bj11650.cpp">
      <Filter>소스 파일</Filter>
    </ClCompile>
    <ClCompile Include="bj10814_ordered_by_age.cpp">
      <Filter>소스 파일</Filter>
    </ClCompile>
    <ClCompile Include="bj10866_deque.cpp">
      <Filter>소스 파일</Filter>
    </ClCompile>
    <ClCompile Include="bj11651_sorting_coordinates.cpp">
      <Filter>소스 파일</Filter>
    </ClCompile>
    <ClCompile Include="bj7662_double_priority_queuecpp.cpp">
      <Filter>소스 파일</Filter>
    </ClCompile>
    <ClCompile Include="bj2164_card2.cpp">
      <Filter>소스 파일</Filter>
    </ClCompile>
    <ClCompile Include="bj1764_never_been_seen_or_heard_who_is.cpp">
      <Filter>소스 파일</Filter>
    </ClCompile>
    <ClCompile Include="bj1205_evaluate_ranking.cpp">
      <Filter>소스 파일</Filter>
    </ClCompile>
    <ClCompile Include="bj10815_number_card.cpp">
      <Filter>소스 파일</Filter>
    </ClCompile>
    <ClCompile Include="bj1037_divisor.cpp">
      <Filter>소스 파일</Filter>
    </ClCompile>
    <ClCompile Include="bj1564_factorial5.cpp">
      <Filter>소스 파일</Filter>
    </ClCompile>
    <ClCompile Include="bj2581_prime_number.cpp">
      <Filter>소스 파일</Filter>
    </ClCompile>
    <ClCompile Include="bj11047.cpp">
      <Filter>소스 파일</Filter>
    </ClCompile>
    <ClCompile Include="bj1780.cpp">
      <Filter>소스 파일</Filter>
    </ClCompile>
    <ClCompile Include="bj2747_fibonacci_number.cpp">
      <Filter>소스 파일</Filter>
    </ClCompile>
    <ClCompile Include="bj11931_sorting4.cpp">
      <Filter>소스 파일</Filter>
    </ClCompile>
    <ClCompile Include="bj1011_Fly_me_to_the_Alpha_Centauri.cpp">
      <Filter>소스 파일</Filter>
    </ClCompile>
    <ClCompile Include="bj11286_abstract_heap.cpp">
      <Filter>소스 파일</Filter>
    </ClCompile>
    <ClCompile Include="bj5639_bst.cpp">
      <Filter>소스 파일</Filter>
    </ClCompile>
    <ClCompile Include="_test.cpp">
      <Filter>소스 파일</Filter>
    </ClCompile>
    <ClCompile Include="bj2075_Nth_greatest.cpp">
      <Filter>소스 파일</Filter>
    </ClCompile>
    <ClCompile Include="bj11659_section_sum.cpp">
      <Filter>소스 파일</Filter>
    </ClCompile>
    <ClCompile Include="bj17298_bigger_than_left.cpp">
      <Filter>소스 파일</Filter>
    </ClCompile>
    <ClCompile Include="bj18258_queue2.cpp">
      <Filter>소스 파일</Filter>
    </ClCompile>
    <ClCompile Include="bj2161_card1.cpp">
      <Filter>소스 파일</Filter>
    </ClCompile>
    <ClCompile Include="bj2588.cpp">
      <Filter>소스 파일</Filter>
    </ClCompile>
    <ClCompile Include="bj14425_array_of_string.cpp">
      <Filter>소스 파일</Filter>
    </ClCompile>
    <ClCompile Include="카카오2022_1번.cpp">
      <Filter>소스 파일</Filter>
    </ClCompile>
    <ClCompile Include="11399_ATM.cpp">
      <Filter>소스 파일</Filter>
    </ClCompile>
    <ClCompile Include="요세푸스 문제0.cpp">
      <Filter>소스 파일</Filter>
    </ClCompile>
    <ClCompile Include="블랙잭.cpp">
      <Filter>소스 파일</Filter>
    </ClCompile>
    <ClCompile Include="이항계수1.cpp">
      <Filter>소스 파일</Filter>
    </ClCompile>
    <ClCompile Include="ACM호텔.cpp">
      <Filter>소스 파일</Filter>
    </ClCompile>
    <ClCompile Include="단지번호붙이기.cpp">
      <Filter>소스 파일</Filter>
    </ClCompile>
    <ClCompile Include="미로탐색.cpp">
      <Filter>소스 파일</Filter>
    </ClCompile>
    <ClCompile Include="GCD 합.cpp">
      <Filter>소스 파일</Filter>
    </ClCompile>
    <ClCompile Include="바이러스.cpp">
      <Filter>소스 파일</Filter>
    </ClCompile>
    <ClCompile Include="링.cpp">
      <Filter>소스 파일</Filter>
    </ClCompile>
    <ClCompile Include="탑.cpp">
      <Filter>소스 파일</Filter>
    </ClCompile>
    <ClCompile Include="연결 요소의 개수.cpp">
      <Filter>소스 파일</Filter>
    </ClCompile>
    <ClCompile Include="회의실 배정.cpp">
      <Filter>소스 파일</Filter>
    </ClCompile>
    <ClCompile Include="트리순회.cpp">
      <Filter>소스 파일</Filter>
    </ClCompile>
    <ClCompile Include="Hashing.cpp">
      <Filter>소스 파일</Filter>
    </ClCompile>
    <ClCompile Include="1,2,3 더하기.cpp">
      <Filter>소스 파일</Filter>
    </ClCompile>
    <ClCompile Include="이항쇼다운.cpp">
      <Filter>소스 파일</Filter>
    </ClCompile>
    <ClCompile Include="_test2.cpp">
      <Filter>소스 파일</Filter>
    </ClCompile>
    <ClCompile Include="유기농배추.cpp">
      <Filter>소스 파일</Filter>
    </ClCompile>
    <ClCompile Include="팩토리얼 0의 개수.cpp">
      <Filter>소스 파일</Filter>
    </ClCompile>
    <ClCompile Include="적록색약.cpp">
      <Filter>소스 파일</Filter>
    </ClCompile>
    <ClCompile Include="보물.cpp">
      <Filter>소스 파일</Filter>
    </ClCompile>
    <ClCompile Include="섬의 개수.cpp">
      <Filter>소스 파일</Filter>
    </ClCompile>
    <ClCompile Include="가장 긴 증가하는 부분 수열.cpp">
      <Filter>소스 파일</Filter>
    </ClCompile>
    <ClCompile Include="가장 긴 감소하는 부분 부열.cpp">
      <Filter>소스 파일</Filter>
    </ClCompile>
    <ClCompile Include="잃어버린 괄호.cpp">
      <Filter>소스 파일</Filter>
    </ClCompile>
    <ClCompile Include="로프.cpp">
      <Filter>소스 파일</Filter>
    </ClCompile>
    <ClCompile Include="30.cpp">
      <Filter>소스 파일</Filter>
    </ClCompile>
    <ClCompile Include="트리.cpp">
      <Filter>소스 파일</Filter>
    </ClCompile>
    <ClCompile Include="효율적인 해킹.cpp">
      <Filter>소스 파일</Filter>
    </ClCompile>
    <ClCompile Include="ABCDE.cpp">
      <Filter>소스 파일</Filter>
    </ClCompile>
    <ClCompile Include="A → B.cpp">
      <Filter>소스 파일</Filter>
    </ClCompile>
    <ClCompile Include="카드 정렬하기.cpp">
      <Filter>소스 파일</Filter>
    </ClCompile>
    <ClCompile Include="강의실배정.cpp">
      <Filter>소스 파일</Filter>
    </ClCompile>
    <ClCompile Include="정수 삼각형.cpp">
      <Filter>소스 파일</Filter>
    </ClCompile>
    <ClCompile Include="N과 M(1).cpp">
      <Filter>소스 파일</Filter>
    </ClCompile>
    <ClCompile Include="부녀회장이 될테야.cpp">
      <Filter>소스 파일</Filter>
    </ClCompile>
    <ClCompile Include="후위표기식.cpp">
      <Filter>소스 파일</Filter>
    </ClCompile>
    <ClCompile Include="숨바꼭질.cpp">
      <Filter>소스 파일</Filter>
    </ClCompile>
    <ClCompile Include="평범한 배낭.cpp">
      <Filter>소스 파일</Filter>
    </ClCompile>
    <ClCompile Include="Bin Packing.cpp">
      <Filter>소스 파일</Filter>
    </ClCompile>
    <ClCompile Include="2xn 타일링.cpp">
      <Filter>소스 파일</Filter>
    </ClCompile>
    <ClCompile Include="경로찾기.cpp">
      <Filter>소스 파일</Filter>
    </ClCompile>
    <ClCompile Include="플로이드.cpp">
      <Filter>소스 파일</Filter>
    </ClCompile>
    <ClCompile Include="3의 배수.cpp">
      <Filter>소스 파일</Filter>
    </ClCompile>
    <ClCompile Include="최대 상승.cpp">
      <Filter>소스 파일</Filter>
    </ClCompile>
    <ClCompile Include="내려가기.cpp">
      <Filter>소스 파일</Filter>
    </ClCompile>
    <ClCompile Include="최소 편집.cpp">
      <Filter>소스 파일</Filter>
    </ClCompile>
    <ClCompile Include="약수의 합.cpp">
      <Filter>소스 파일</Filter>
    </ClCompile>
    <ClCompile Include="계단 오르기.cpp">
      <Filter>소스 파일</Filter>
    </ClCompile>
    <ClCompile Include="파도반 수열.cpp">
      <Filter>소스 파일</Filter>
    </ClCompile>
    <ClCompile Include="공통 부분 문자열.cpp">
      <Filter>소스 파일</Filter>
    </ClCompile>
    <ClCompile Include="RGB거리.cpp">
      <Filter>소스 파일</Filter>
    </ClCompile>
    <ClCompile Include="solved.ac.cpp">
      <Filter>소스 파일</Filter>
    </ClCompile>
    <ClCompile Include="정수 a를 k로 만들기.cpp">
      <Filter>소스 파일</Filter>
    </ClCompile>
    <ClCompile Include="숨바꼭질4.cpp">
      <Filter>소스 파일</Filter>
    </ClCompile>
    <ClCompile Include="동전2.cpp">
      <Filter>소스 파일</Filter>
    </ClCompile>
    <ClCompile Include="강의실.cpp">
      <Filter>소스 파일</Filter>
    </ClCompile>
    <ClCompile Include="타일 채우기.cpp">
      <Filter>소스 파일</Filter>
    </ClCompile>
    <ClCompile Include="단어 뒤집기2.cpp">
      <Filter>소스 파일</Filter>
    </ClCompile>
    <ClCompile Include="두 용액.cpp">
      <Filter>소스 파일</Filter>
    </ClCompile>
    <ClCompile Include="성적 통계.cpp">
      <Filter>소스 파일</Filter>
    </ClCompile>
    <ClCompile Include="t1.cpp">
      <Filter>소스 파일\골프존</Filter>
    </ClCompile>
    <ClCompile Include="t2.cpp">
      <Filter>소스 파일\골프존</Filter>
    </ClCompile>
    <ClCompile Include="t3.cpp">
      <Filter>소스 파일\골프존</Filter>
    </ClCompile>
    <ClCompile Include="t4.cpp">
      <Filter>소스 파일\골프존</Filter>
    </ClCompile>
    <ClCompile Include="구간 합 구하기.cpp">
      <Filter>소스 파일</Filter>
    </ClCompile>
    <ClCompile Include="최솟값과 최댓값.cpp">
      <Filter>소스 파일</Filter>
    </ClCompile>
    <ClCompile Include="최솟값.cpp">
      <Filter>소스 파일</Filter>
    </ClCompile>
    <ClCompile Include="학점계산프로그램.cpp">
      <Filter>소스 파일</Filter>
    </ClCompile>
    <ClCompile Include="더하기 사이클.cpp">
      <Filter>소스 파일</Filter>
    </ClCompile>
    <ClCompile Include="문서 검색.cpp">
      <Filter>소스 파일</Filter>
    </ClCompile>
    <ClCompile Include="접미사 배열.cpp">
      <Filter>소스 파일</Filter>
    </ClCompile>
    <ClCompile Include="구간 합 구하기 5.cpp">
      <Filter>소스 파일</Filter>
    </ClCompile>
    <ClCompile Include="직사각형 네개의 합집합의 면적 구하기.cpp">
      <Filter>소스 파일</Filter>
    </ClCompile>
    <ClCompile Include="알고리즘 수업 - 깊이 우선 탐색 1.cpp">
      <Filter>소스 파일</Filter>
    </ClCompile>
    <ClCompile Include="TestTemplate.cpp">
      <Filter>소스 파일</Filter>
    </ClCompile>
    <ClCompile Include="나는야 포켓몬 마스터 이다솜.cpp">
      <Filter>소스 파일</Filter>
    </ClCompile>
    <ClCompile Include="웰컴 키트.cpp">
      <Filter>소스 파일</Filter>
    </ClCompile>
    <ClCompile Include="분해합.cpp">
      <Filter>소스 파일</Filter>
    </ClCompile>
    <ClCompile Include="포도주 시식.cpp">
      <Filter>소스 파일</Filter>
    </ClCompile>
    <ClCompile Include="세탁소 사장 동혁.cpp">
      <Filter>소스 파일</Filter>
    </ClCompile>
    <ClCompile Include="_test4.cpp">
      <Filter>소스 파일</Filter>
    </ClCompile>
    <ClCompile Include="스택 수열.cpp">
      <Filter>소스 파일</Filter>
    </ClCompile>
    <ClCompile Include="AC.cpp">
      <Filter>소스 파일</Filter>
    </ClCompile>
    <ClCompile Include="쇠막대기.cpp">
      <Filter>소스 파일</Filter>
    </ClCompile>
    <ClCompile Include="에디터.cpp">
      <Filter>소스 파일</Filter>
    </ClCompile>
    <ClCompile Include="뱀.cpp">
      <Filter>소스 파일</Filter>
    </ClCompile>
    <ClCompile Include="주유소.cpp">
      <Filter>소스 파일</Filter>
    </ClCompile>
    <ClCompile Include="전자레인지.cpp">
      <Filter>소스 파일</Filter>
    </ClCompile>
    <ClCompile Include="신입 사원.cpp">
      <Filter>소스 파일</Filter>
    </ClCompile>
    <ClCompile Include="보석 도둑.cpp">
      <Filter>소스 파일</Filter>
    </ClCompile>
    <ClCompile Include="N과 M (2).cpp">
      <Filter>소스 파일</Filter>
    </ClCompile>
    <ClCompile Include="프린터 큐.cpp">
      <Filter>소스 파일</Filter>
    </ClCompile>
    <ClCompile Include="덩치.cpp">
      <Filter>소스 파일</Filter>
    </ClCompile>
    <ClCompile Include="세로읽기.cpp">
      <Filter>소스 파일</Filter>
    </ClCompile>
    <ClCompile Include="국영수.cpp">
      <Filter>소스 파일</Filter>
    </ClCompile>
    <ClCompile Include="지뢰 찾기.cpp">
      <Filter>소스 파일</Filter>
    </ClCompile>
    <ClCompile Include="단어 수학.cpp">
      <Filter>소스 파일</Filter>
    </ClCompile>
    <ClCompile Include="수 묶기.cpp">
      <Filter>소스 파일</Filter>
    </ClCompile>
    <ClCompile Include="99 Problems.cpp">
      <Filter>소스 파일</Filter>
    </ClCompile>
    <ClCompile Include="Moderate Pace.cpp">
      <Filter>소스 파일</Filter>
    </ClCompile>
    <ClCompile Include="좌표 압축.cpp">
      <Filter>소스 파일</Filter>
    </ClCompile>
    <ClCompile Include="특정 거리의 도시 찾기.cpp">
      <Filter>소스 파일</Filter>
    </ClCompile>
    <ClCompile Include="크로아티아 알파벳.cpp">
      <Filter>소스 파일</Filter>
    </ClCompile>
    <ClCompile Include="연속합.cpp">
      <Filter>소스 파일</Filter>
    </ClCompile>
    <ClCompile Include="촌수 계산.cpp">
      <Filter>소스 파일</Filter>
    </ClCompile>
    <ClCompile Include="기타줄.cpp">
      <Filter>소스 파일</Filter>
    </ClCompile>
    <ClCompile Include="조합.cpp">
      <Filter>소스 파일</Filter>
    </ClCompile>
    <ClCompile Include="토마토.cpp">
      <Filter>소스 파일</Filter>
    </ClCompile>
    <ClCompile Include="문자열 폭발.cpp">
      <Filter>소스 파일</Filter>
    </ClCompile>
    <ClCompile Include="통계학.cpp">
      <Filter>소스 파일</Filter>
    </ClCompile>
    <ClCompile Include="암호 만들기.cpp">
      <Filter>소스 파일</Filter>
    </ClCompile>
    <ClCompile Include="뱀과 사다리 게임.cpp">
      <Filter>소스 파일</Filter>
    </ClCompile>
    <ClCompile Include="불.cpp">
      <Filter>소스 파일</Filter>
    </ClCompile>
    <ClCompile Include="N과 M (4).cpp">
      <Filter>소스 파일</Filter>
    </ClCompile>
    <ClCompile Include="보물섬.cpp">
      <Filter>소스 파일</Filter>
    </ClCompile>
    <ClCompile Include="행렬 곱셈 순서.cpp">
      <Filter>소스 파일</Filter>
    </ClCompile>
    <ClCompile Include="다리 놓기.cpp">
      <Filter>소스 파일</Filter>
    </ClCompile>
    <ClCompile Include="회전하는 큐.cpp">
      <Filter>소스 파일</Filter>
    </ClCompile>
    <ClCompile Include="수 정렬하기 5.cpp">
      <Filter>소스 파일</Filter>
    </ClCompile>
    <ClCompile Include="스택 2.cpp">
      <Filter>소스 파일</Filter>
    </ClCompile>
    <ClCompile Include="2×n 타일링 2.cpp">
      <Filter>소스 파일</Filter>
    </ClCompile>
    <ClCompile Include="N과 M (3).cpp">
      <Filter>소스 파일</Filter>
    </ClCompile>
    <ClCompile Include="점수 계산.cpp">
      <Filter>소스 파일</Filter>
    </ClCompile>
    <ClCompile Include="0 만들기.cpp">
      <Filter>소스 파일</Filter>
    </ClCompile>
    <ClCompile Include="동전 1.cpp">
      <Filter>소스 파일</Filter>
    </ClCompile>
    <ClCompile Include="캠핑.cpp">
      <Filter>소스 파일</Filter>
    </ClCompile>
    <ClCompile Include="수리공 항승.cpp">
      <Filter>소스 파일</Filter>
    </ClCompile>
    <ClCompile Include="안전 영역.cpp">
      <Filter>소스 파일</Filter>
    </ClCompile>
    <ClCompile Include="최솟값 찾기.cpp">
      <Filter>소스 파일</Filter>
    </ClCompile>
    <ClCompile Include="점프 점프.cpp">
      <Filter>소스 파일</Filter>
    </ClCompile>
    <ClCompile Include="벽 부수고 이동하기.cpp">
      <Filter>소스 파일</Filter>
    </ClCompile>
    <ClCompile Include="다각형의 면적.cpp">
      <Filter>소스 파일</Filter>
    </ClCompile>
    <ClCompile Include="LCS.cpp">
      <Filter>소스 파일</Filter>
    </ClCompile>
    <ClCompile Include="Fly me to the Alpha Centauri.cpp">
      <Filter>소스 파일</Filter>
    </ClCompile>
    <ClCompile Include="서로 다른 부분 문자열의 개수.cpp">
      <Filter>소스 파일</Filter>
    </ClCompile>
    <ClCompile Include="베르트랑 공준.cpp">
      <Filter>소스 파일</Filter>
    </ClCompile>
    <ClCompile Include="합 구하기.cpp">
      <Filter>소스 파일</Filter>
    </ClCompile>
    <ClCompile Include="N과 M (5).cpp">
      <Filter>소스 파일</Filter>
    </ClCompile>
    <ClCompile Include="두 수의 합.cpp">
      <Filter>소스 파일</Filter>
    </ClCompile>
    <ClCompile Include="아시아 정보올림피아드.cpp">
      <Filter>소스 파일</Filter>
    </ClCompile>
    <ClCompile Include="트리의 지름.cpp">
      <Filter>소스 파일</Filter>
    </ClCompile>
    <ClCompile Include="치킨 배달.cpp">
      <Filter>소스 파일</Filter>
    </ClCompile>
    <ClCompile Include="집합의 표현.cpp">
      <Filter>소스 파일</Filter>
    </ClCompile>
  </ItemGroup>
  <ItemGroup>
    <ClInclude Include="분해합.h">
      <Filter>헤더 파일</Filter>
    </ClInclude>
  </ItemGroup>
</Project>